# This file was autogenerated by Stack.
# You should not edit this file by hand.
# For more information, please see the documentation at:
#   https://docs.haskellstack.org/en/stable/lock_files

packages: []
snapshots:
- completed:
    size: 514362
    url: https://raw.githubusercontent.com/commercialhaskell/stackage-snapshots/master/nightly/2019/6/17.yaml
    sha256: a54b8d98b34b46e0a7f9c096f976b084fe2734c72d166fdef21fbb9d874d8430
  original: nightly-2019-06-17
